
Microsoft Visual Studio Solution File, Format Version 12.00
# Visual Studio Version 16
VisualStudioVersion = 16.0.30503.244
MinimumVisualStudioVersion = 10.0.40219.1
Project("{FAE04EC0-301F-11D3-BF4B-00C04F79EFBC}") = "Rename", "Rename.csproj", "{129AB753-832A-4EAC-AB4E-D0FC49523865}"
EndProject
Global
	GlobalSection(SolutionConfigurationPlatforms) = preSolution
		Debug|Any CPU = Debug|Any CPU
		Release|Any CPU = Release|Any CPU
	EndGlobalSection
	GlobalSection(ProjectConfigurationPlatforms) = postSolution
		{129AB753-832A-4EAC-AB4E-D0FC49523865}.Debug|Any CPU.ActiveCfg = Debug|Any CPU
		{129AB753-832A-4EAC-AB4E-D0FC49523865}.Debug|Any CPU.Build.0 = Debug|Any CPU
		{129AB753-832A-4EAC-AB4E-D0FC49523865}.Release|Any CPU.ActiveCfg = Release|Any CPU
		{129AB753-832A-4EAC-AB4E-D0FC49523865}.Release|Any CPU.Build.0 = Release|Any CPU
	EndGlobalSection
	GlobalSection(SolutionProperties) = preSolution
		HideSolutionNode = FALSE
	EndGlobalSection
	GlobalSection(ExtensibilityGlobals) = postSolution
		SolutionGuid = {85B5AF3A-D9FF-42B3-A7F5-42D0F6186EB6}
	EndGlobalSection
EndGlobal
